
Microsoft Visual Studio Solution File, Format Version 12.00
# Visual Studio 2012
Project("{8BC9CEB8-8B4A-11D0-8D11-00A0C91BC942}") = "list", "list\list.vcxproj", "{F27555AD-0118-4F34-A02B-D7D25CC865F6}"
EndProject
Project("{8BC9CEB8-8B4A-11D0-8D11-00A0C91BC942}") = "primeq", "primeq\primeq.vcxproj", "{7FD1D728-1802-4FA0-85E2-33549FCA1128}"
EndProject
Project("{8BC9CEB8-8B4A-11D0-8D11-00A0C91BC942}") = "eratosthenes", "eratosthenes\eratosthenes.vcxproj", "{A4551512-E578-4048-94EB-238988EE259B}"
EndProject
Global
	GlobalSection(SolutionConfigurationPlatforms) = preSolution
		Debug|Win32 = Debug|Win32
		Debug|x64 = Debug|x64
		Release|Win32 = Release|Win32
		Release|x64 = Release|x64
	EndGlobalSection
	GlobalSection(ProjectConfigurationPlatforms) = postSolution
		{F27555AD-0118-4F34-A02B-D7D25CC865F6}.Debug|Win32.ActiveCfg = Debug|Win32
		{F27555AD-0118-4F34-A02B-D7D25CC865F6}.Debug|Win32.Build.0 = Debug|Win32
		{F27555AD-0118-4F34-A02B-D7D25CC865F6}.Debug|x64.ActiveCfg = Debug|x64
		{F27555AD-0118-4F34-A02B-D7D25CC865F6}.Debug|x64.Build.0 = Debug|x64
		{F27555AD-0118-4F34-A02B-D7D25CC865F6}.Release|Win32.ActiveCfg = Release|Win32
		{F27555AD-0118-4F34-A02B-D7D25CC865F6}.Release|Win32.Build.0 = Release|Win32
		{F27555AD-0118-4F34-A02B-D7D25CC865F6}.Release|x64.ActiveCfg = Release|x64
		{F27555AD-0118-4F34-A02B-D7D25CC865F6}.Release|x64.Build.0 = Release|x64
		{7FD1D728-1802-4FA0-85E2-33549FCA1128}.Debug|Win32.ActiveCfg = Debug|Win32
		{7FD1D728-1802-4FA0-85E2-33549FCA1128}.Debug|Win32.Build.0 = Debug|Win32
		{7FD1D728-1802-4FA0-85E2-33549FCA1128}.Debug|x64.ActiveCfg = Debug|x64
		{7FD1D728-1802-4FA0-85E2-33549FCA1128}.Debug|x64.Build.0 = Debug|x64
		{7FD1D728-1802-4FA0-85E2-33549FCA1128}.Release|Win32.ActiveCfg = Release|Win32
		{7FD1D728-1802-4FA0-85E2-33549FCA1128}.Release|Win32.Build.0 = Release|Win32
		{7FD1D728-1802-4FA0-85E2-33549FCA1128}.Release|x64.ActiveCfg = Release|x64
		{7FD1D728-1802-4FA0-85E2-33549FCA1128}.Release|x64.Build.0 = Release|x64
		{A4551512-E578-4048-94EB-238988EE259B}.Debug|Win32.ActiveCfg = Debug|Win32
		{A4551512-E578-4048-94EB-238988EE259B}.Debug|Win32.Build.0 = Debug|Win32
		{A4551512-E578-4048-94EB-238988EE259B}.Debug|x64.ActiveCfg = Debug|x64
		{A4551512-E578-4048-94EB-238988EE259B}.Debug|x64.Build.0 = Debug|x64
		{A4551512-E578-4048-94EB-238988EE259B}.Release|Win32.ActiveCfg = Release|Win32
		{A4551512-E578-4048-94EB-238988EE259B}.Release|Win32.Build.0 = Release|Win32
		{A4551512-E578-4048-94EB-238988EE259B}.Release|x64.ActiveCfg = Release|x64
		{A4551512-E578-4048-94EB-238988EE259B}.Release|x64.Build.0 = Release|x64
	EndGlobalSection
	GlobalSection(SolutionProperties) = preSolution
		HideSolutionNode = FALSE
	EndGlobalSection
EndGlobal
